
Microsoft Visual Studio Solution File, Format Version 12.00
# Visual Studio 15
VisualStudioVersion = 15.0.26730.16
MinimumVisualStudioVersion = 10.0.40219.1
Project("{FAE04EC0-301F-11D3-BF4B-00C04F79EFBC}") = "GlassCarLaguna", "GlassCarLaguna\GlassCarLaguna.csproj", "{A54EA98B-062D-46C4-B927-D4D74AB862A7}"
EndProject
Global
	GlobalSection(SolutionConfigurationPlatforms) = preSolution
		Debug|Any CPU = Debug|Any CPU
		Release|Any CPU = Release|Any CPU
	EndGlobalSection
	GlobalSection(ProjectConfigurationPlatforms) = postSolution
		{A54EA98B-062D-46C4-B927-D4D74AB862A7}.Debug|Any CPU.ActiveCfg = Debug|Any CPU
		{A54EA98B-062D-46C4-B927-D4D74AB862A7}.Debug|Any CPU.Build.0 = Debug|Any CPU
		{A54EA98B-062D-46C4-B927-D4D74AB862A7}.Release|Any CPU.ActiveCfg = Release|Any CPU
		{A54EA98B-062D-46C4-B927-D4D74AB862A7}.Release|Any CPU.Build.0 = Release|Any CPU
	EndGlobalSection
	GlobalSection(SolutionProperties) = preSolution
		HideSolutionNode = FALSE
	EndGlobalSection
	GlobalSection(ExtensibilityGlobals) = postSolution
		SolutionGuid = {2D9A88A4-9AAC-499B-AAC1-7BFB0405E621}
	EndGlobalSection
EndGlobal
